
Microsoft Visual Studio Solution File, Format Version 12.00
# Visual Studio Version 16
VisualStudioVersion = 16.0.30621.155
MinimumVisualStudioVersion = 10.0.40219.1
Project("{FAE04EC0-301F-11D3-BF4B-00C04F79EFBC}") = "WebApiPermisos", "WebApiPermisos\WebApiPermisos.csproj", "{913EAB2C-E27A-43FA-A096-D2EF32EA9871}"
EndProject
Global
	GlobalSection(SolutionConfigurationPlatforms) = preSolution
		Debug|Any CPU = Debug|Any CPU
		Release|Any CPU = Release|Any CPU
	EndGlobalSection
	GlobalSection(ProjectConfigurationPlatforms) = postSolution
		{913EAB2C-E27A-43FA-A096-D2EF32EA9871}.Debug|Any CPU.ActiveCfg = Debug|Any CPU
		{913EAB2C-E27A-43FA-A096-D2EF32EA9871}.Debug|Any CPU.Build.0 = Debug|Any CPU
		{913EAB2C-E27A-43FA-A096-D2EF32EA9871}.Release|Any CPU.ActiveCfg = Release|Any CPU
		{913EAB2C-E27A-43FA-A096-D2EF32EA9871}.Release|Any CPU.Build.0 = Release|Any CPU
	EndGlobalSection
	GlobalSection(SolutionProperties) = preSolution
		HideSolutionNode = FALSE
	EndGlobalSection
	GlobalSection(ExtensibilityGlobals) = postSolution
		SolutionGuid = {A762F557-B561-4955-9C03-B8006870FFE6}
	EndGlobalSection
EndGlobal
